
Microsoft Visual Studio Solution File, Format Version 12.00
# Visual Studio Version 17
VisualStudioVersion = 17.11.35327.3
MinimumVisualStudioVersion = 10.0.40219.1
Project("{FAE04EC0-301F-11D3-BF4B-00C04F79EFBC}") = "InfoBezPasswordSystem", "InfoBezPassowrdSystem\InfoBezPasswordSystem.csproj", "{077B93BA-2290-4D41-8398-BF68BDFAB97E}"
EndProject
Global
	GlobalSection(SolutionConfigurationPlatforms) = preSolution
		Debug|Any CPU = Debug|Any CPU
		Release|Any CPU = Release|Any CPU
	EndGlobalSection
	GlobalSection(ProjectConfigurationPlatforms) = postSolution
		{077B93BA-2290-4D41-8398-BF68BDFAB97E}.Debug|Any CPU.ActiveCfg = Debug|Any CPU
		{077B93BA-2290-4D41-8398-BF68BDFAB97E}.Debug|Any CPU.Build.0 = Debug|Any CPU
		{077B93BA-2290-4D41-8398-BF68BDFAB97E}.Release|Any CPU.ActiveCfg = Release|Any CPU
		{077B93BA-2290-4D41-8398-BF68BDFAB97E}.Release|Any CPU.Build.0 = Release|Any CPU
	EndGlobalSection
	GlobalSection(SolutionProperties) = preSolution
		HideSolutionNode = FALSE
	EndGlobalSection
	GlobalSection(ExtensibilityGlobals) = postSolution
		SolutionGuid = {05059303-69D1-4988-8A84-19086891BFE8}
	EndGlobalSection
EndGlobal
